{
  "name": "poster-child",
  "version": "0.0.0",
  "lockfileVersion": 3,
  "requires": true,
  "packages": {
    "": {
      "name": "poster-child",
      "version": "0.0.0",
      "license": "ISC",
      "dependencies": {
        "cookie-parser": "~1.4.4",
        "debug": "~2.6.9",
        "dotenv": "^16.4.7",
        "ejs": "~2.6.1",
        "express": "~4.16.1",
        "front-matter": "^4.0.2",
        "http-errors": "~1.6.3",
        "morgan": "~1.9.1",
        "octokit": "^4.1.2",
        "yaml": "^2.7.0"
      },
      "devDependencies": {}
    },
    "node_modules/@octokit/app": {
      "version": "15.1.5",
      "resolved": "https://registry.npmjs.org/@octokit/app/-/app-15.1.5.tgz",
      "integrity": "sha512-6cxLT9U8x7GGQ7lNWsKtFr4ccg9oLkGvowk373sX9HvX5U37kql5d55SzaQUxPE8PwgX2cqkzDm5NF5aPKevqg==",
      "license": "MIT",
      "dependencies": {
        "@octokit/auth-app": "^7.1.5",
        "@octokit/auth-unauthenticated": "^6.1.2",
        "@octokit/core": "^6.1.4",
        "@octokit/oauth-app": "^7.1.6",
        "@octokit/plugin-paginate-rest": "^11.4.2",
        "@octokit/types": "^13.8.0",
        "@octokit/webhooks": "^13.6.1"
      },
      "engines": {
        "node": ">= 18"
      }
    },
    "node_modules/@octokit/auth-app": {
      "version": "7.1.5",
      "resolved": "https://registry.npmjs.org/@octokit/auth-app/-/auth-app-7.1.5.tgz",
      "integrity": "sha512-boklS4E6LpbA3nRx+SU2fRKRGZJdOGoSZne/i3Y0B5rfHOcGwFgcXrwDLdtbv4igfDSnAkZaoNBv1GYjPDKRNw==",
      "license": "MIT",
      "dependencies": {
        "@octokit/auth-oauth-app": "^8.1.3",
        "@octokit/auth-oauth-user": "^5.1.3",
        "@octokit/request": "^9.2.1",
        "@octokit/request-error": "^6.1.7",
        "@octokit/types": "^13.8.0",
        "toad-cache": "^3.7.0",
        "universal-github-app-jwt": "^2.2.0",
        "universal-user-agent": "^7.0.0"
      },
      "engines": {
        "node": ">= 18"
      }
    },
    "node_modules/@octokit/auth-oauth-app": {
      "version": "8.1.3",
      "resolved": "https://registry.npmjs.org/@octokit/auth-oauth-app/-/auth-oauth-app-8.1.3.tgz",
      "integrity": "sha512-4e6OjVe5rZ8yBe8w7byBjpKtSXFuro7gqeGAAZc7QYltOF8wB93rJl2FE0a4U1Mt88xxPv/mS+25/0DuLk0Ewg==",
      "license": "MIT",
      "dependencies": {
        "@octokit/auth-oauth-device": "^7.1.3",
        "@octokit/auth-oauth-user": "^5.1.3",
        "@octokit/request": "^9.2.1",
        "@octokit/types": "^13.6.2",
        "universal-user-agent": "^7.0.0"
      },
      "engines": {
        "node": ">= 18"
      }
    },
    "node_modules/@octokit/auth-oauth-device": {
      "version": "7.1.3",
      "resolved": "https://registry.npmjs.org/@octokit/auth-oauth-device/-/auth-oauth-device-7.1.3.tgz",
      "integrity": "sha512-BECO/N4B/Uikj0w3GCvjf/odMujtYTP3q82BJSjxC2J3rxTEiZIJ+z2xnRlDb0IE9dQSaTgRqUPVOieSbFcVzg==",
      "license": "MIT",
      "dependencies": {
        "@octokit/oauth-methods": "^5.1.4",
        "@octokit/request": "^9.2.1",
        "@octokit/types": "^13.6.2",
        "universal-user-agent": "^7.0.0"
      },
      "engines": {
        "node": ">= 18"
      }
    },
    "node_modules/@octokit/auth-oauth-user": {
      "version": "5.1.3",
      "resolved": "https://registry.npmjs.org/@octokit/auth-oauth-user/-/auth-oauth-user-5.1.3.tgz",
      "integrity": "sha512-zNPByPn9K7TC+OOHKGxU+MxrE9SZAN11UHYEFLsK2NRn3akJN2LHRl85q+Eypr3tuB2GrKx3rfj2phJdkYCvzw==",
      "license": "MIT",
      "dependencies": {
        "@octokit/auth-oauth-device": "^7.1.3",
        "@octokit/oauth-methods": "^5.1.3",
        "@octokit/request": "^9.2.1",
        "@octokit/types": "^13.6.2",
        "universal-user-agent": "^7.0.0"
      },
      "engines": {
        "node": ">= 18"
      }
    },
    "node_modules/@octokit/auth-token": {
      "version": "5.1.2",
      "resolved": "https://registry.npmjs.org/@octokit/auth-token/-/auth-token-5.1.2.tgz",
      "integrity": "sha512-JcQDsBdg49Yky2w2ld20IHAlwr8d/d8N6NiOXbtuoPCqzbsiJgF633mVUw3x4mo0H5ypataQIX7SFu3yy44Mpw==",
      "license": "MIT",
      "engines": {
        "node": ">= 18"
      }
    },
    "node_modules/@octokit/auth-unauthenticated": {
      "version": "6.1.2",
      "resolved": "https://registry.npmjs.org/@octokit/auth-unauthenticated/-/auth-unauthenticated-6.1.2.tgz",
      "integrity": "sha512-07DlUGcz/AAVdzu3EYfi/dOyMSHp9YsOxPl/MPmtlVXWiD//GlV8HgZsPhud94DEyx+RfrW0wSl46Lx+AWbOlg==",
      "license": "MIT",
      "dependencies": {
        "@octokit/request-error": "^6.1.7",
        "@octokit/types": "^13.6.2"
      },
      "engines": {
        "node": ">= 18"
      }
    },
    "node_modules/@octokit/core": {
      "version": "6.1.4",
      "resolved": "https://registry.npmjs.org/@octokit/core/-/core-6.1.4.tgz",
      "integrity": "sha512-lAS9k7d6I0MPN+gb9bKDt7X8SdxknYqAMh44S5L+lNqIN2NuV8nvv3g8rPp7MuRxcOpxpUIATWprO0C34a8Qmg==",
      "license": "MIT",
      "dependencies": {
        "@octokit/auth-token": "^5.0.0",
        "@octokit/graphql": "^8.1.2",
        "@octokit/request": "^9.2.1",
        "@octokit/request-error": "^6.1.7",
        "@octokit/types": "^13.6.2",
        "before-after-hook": "^3.0.2",
        "universal-user-agent": "^7.0.0"
      },
      "engines": {
        "node": ">= 18"
      }
    },
    "node_modules/@octokit/endpoint": {
      "version": "10.1.3",
      "resolved": "https://registry.npmjs.org/@octokit/endpoint/-/endpoint-10.1.3.tgz",
      "integrity": "sha512-nBRBMpKPhQUxCsQQeW+rCJ/OPSMcj3g0nfHn01zGYZXuNDvvXudF/TYY6APj5THlurerpFN4a/dQAIAaM6BYhA==",
      "license": "MIT",
      "dependencies": {
        "@octokit/types": "^13.6.2",
        "universal-user-agent": "^7.0.2"
      },
      "engines": {
        "node": ">= 18"
      }
    },
    "node_modules/@octokit/graphql": {
      "version": "8.2.1",
      "resolved": "https://registry.npmjs.org/@octokit/graphql/-/graphql-8.2.1.tgz",
      "integrity": "sha512-n57hXtOoHrhwTWdvhVkdJHdhTv0JstjDbDRhJfwIRNfFqmSo1DaK/mD2syoNUoLCyqSjBpGAKOG0BuwF392slw==",
      "license": "MIT",
      "dependencies": {
        "@octokit/request": "^9.2.2",
        "@octokit/types": "^13.8.0",
        "universal-user-agent": "^7.0.0"
      },
      "engines": {
        "node": ">= 18"
      }
    },
    "node_modules/@octokit/oauth-app": {
      "version": "7.1.6",
      "resolved": "https://registry.npmjs.org/@octokit/oauth-app/-/oauth-app-7.1.6.tgz",
      "integrity": "sha512-OMcMzY2WFARg80oJNFwWbY51TBUfLH4JGTy119cqiDawSFXSIBujxmpXiKbGWQlvfn0CxE6f7/+c6+Kr5hI2YA==",
      "license": "MIT",
      "dependencies": {
        "@octokit/auth-oauth-app": "^8.1.3",
        "@octokit/auth-oauth-user": "^5.1.3",
        "@octokit/auth-unauthenticated": "^6.1.2",
        "@octokit/core": "^6.1.4",
        "@octokit/oauth-authorization-url": "^7.1.1",
        "@octokit/oauth-methods": "^5.1.4",
        "@types/aws-lambda": "^8.10.83",
        "universal-user-agent": "^7.0.0"
      },
      "engines": {
        "node": ">= 18"
      }
    },
    "node_modules/@octokit/oauth-authorization-url": {
      "version": "7.1.1",
      "resolved": "https://registry.npmjs.org/@octokit/oauth-authorization-url/-/oauth-authorization-url-7.1.1.tgz",
      "integrity": "sha512-ooXV8GBSabSWyhLUowlMIVd9l1s2nsOGQdlP2SQ4LnkEsGXzeCvbSbCPdZThXhEFzleGPwbapT0Sb+YhXRyjCA==",
      "license": "MIT",
      "engines": {
        "node": ">= 18"
      }
    },
    "node_modules/@octokit/oauth-methods": {
      "version": "5.1.4",
      "resolved": "https://registry.npmjs.org/@octokit/oauth-methods/-/oauth-methods-5.1.4.tgz",
      "integrity": "sha512-Jc/ycnePClOvO1WL7tlC+TRxOFtyJBGuTDsL4dzXNiVZvzZdrPuNw7zHI3qJSUX2n6RLXE5L0SkFmYyNaVUFoQ==",
      "license": "MIT",
      "dependencies": {
        "@octokit/oauth-authorization-url": "^7.0.0",
        "@octokit/request": "^9.2.1",
        "@octokit/request-error": "^6.1.7",
        "@octokit/types": "^13.6.2"
      },
      "engines": {
        "node": ">= 18"
      }
    },
    "node_modules/@octokit/openapi-types": {
      "version": "23.0.1",
      "resolved": "https://registry.npmjs.org/@octokit/openapi-types/-/openapi-types-23.0.1.tgz",
      "integrity": "sha512-izFjMJ1sir0jn0ldEKhZ7xegCTj/ObmEDlEfpFrx4k/JyZSMRHbO3/rBwgE7f3m2DHt+RrNGIVw4wSmwnm3t/g==",
      "license": "MIT"
    },
    "node_modules/@octokit/openapi-webhooks-types": {
      "version": "10.1.1",
      "resolved": "https://registry.npmjs.org/@octokit/openapi-webhooks-types/-/openapi-webhooks-types-10.1.1.tgz",
      "integrity": "sha512-qBfqQVIDQaCFeGCofXieJDwvXcGgDn17+UwZ6WW6lfEvGYGreLFzTiaz9xjet9Us4zDf8iasoW3ixUj/R5lMhA==",
      "license": "MIT"
    },
    "node_modules/@octokit/plugin-paginate-graphql": {
      "version": "5.2.4",
      "resolved": "https://registry.npmjs.org/@octokit/plugin-paginate-graphql/-/plugin-paginate-graphql-5.2.4.tgz",
      "integrity": "sha512-pLZES1jWaOynXKHOqdnwZ5ULeVR6tVVCMm+AUbp0htdcyXDU95WbkYdU4R2ej1wKj5Tu94Mee2Ne0PjPO9cCyA==",
      "license": "MIT",
      "engines": {
        "node": ">= 18"
      },
      "peerDependencies": {
        "@octokit/core": ">=6"
      }
    },
    "node_modules/@octokit/plugin-paginate-rest": {
      "version": "11.4.3",
      "resolved": "https://registry.npmjs.org/@octokit/plugin-paginate-rest/-/plugin-paginate-rest-11.4.3.tgz",
      "integrity": "sha512-tBXaAbXkqVJlRoA/zQVe9mUdb8rScmivqtpv3ovsC5xhje/a+NOCivs7eUhWBwCApJVsR4G5HMeaLbq7PxqZGA==",
      "license": "MIT",
      "dependencies": {
        "@octokit/types": "^13.7.0"
      },
      "engines": {
        "node": ">= 18"
      },
      "peerDependencies": {
        "@octokit/core": ">=6"
      }
    },
    "node_modules/@octokit/plugin-rest-endpoint-methods": {
      "version": "13.3.1",
      "resolved": "https://registry.npmjs.org/@octokit/plugin-rest-endpoint-methods/-/plugin-rest-endpoint-methods-13.3.1.tgz",
      "integrity": "sha512-o8uOBdsyR+WR8MK9Cco8dCgvG13H1RlM1nWnK/W7TEACQBFux/vPREgKucxUfuDQ5yi1T3hGf4C5ZmZXAERgwQ==",
      "license": "MIT",
      "dependencies": {
        "@octokit/types": "^13.8.0"
      },
      "engines": {
        "node": ">= 18"
      },
      "peerDependencies": {
        "@octokit/core": ">=6"
      }
    },
    "node_modules/@octokit/plugin-retry": {
      "version": "7.1.4",
      "resolved": "https://registry.npmjs.org/@octokit/plugin-retry/-/plugin-retry-7.1.4.tgz",
      "integrity": "sha512-7AIP4p9TttKN7ctygG4BtR7rrB0anZqoU9ThXFk8nETqIfvgPUANTSYHqWYknK7W3isw59LpZeLI8pcEwiJdRg==",
      "license": "MIT",
      "dependencies": {
        "@octokit/request-error": "^6.1.7",
        "@octokit/types": "^13.6.2",
        "bottleneck": "^2.15.3"
      },
      "engines": {
        "node": ">= 18"
      },
      "peerDependencies": {
        "@octokit/core": ">=6"
      }
    },
    "node_modules/@octokit/plugin-throttling": {
      "version": "9.4.0",
      "resolved": "https://registry.npmjs.org/@octokit/plugin-throttling/-/plugin-throttling-9.4.0.tgz",
      "integrity": "sha512-IOlXxXhZA4Z3m0EEYtrrACkuHiArHLZ3CvqWwOez/pURNqRuwfoFlTPbN5Muf28pzFuztxPyiUiNwz8KctdZaQ==",
      "license": "MIT",
      "dependencies": {
        "@octokit/types": "^13.7.0",
        "bottleneck": "^2.15.3"
      },
      "engines": {
        "node": ">= 18"
      },
      "peerDependencies": {
        "@octokit/core": "^6.1.3"
      }
    },
    "node_modules/@octokit/request": {
      "version": "9.2.2",
      "resolved": "https://registry.npmjs.org/@octokit/request/-/request-9.2.2.tgz",
      "integrity": "sha512-dZl0ZHx6gOQGcffgm1/Sf6JfEpmh34v3Af2Uci02vzUYz6qEN6zepoRtmybWXIGXFIK8K9ylE3b+duCWqhArtg==",
      "license": "MIT",
      "dependencies": {
        "@octokit/endpoint": "^10.1.3",
        "@octokit/request-error": "^6.1.7",
        "@octokit/types": "^13.6.2",
        "fast-content-type-parse": "^2.0.0",
        "universal-user-agent": "^7.0.2"
      },
      "engines": {
        "node": ">= 18"
      }
    },
    "node_modules/@octokit/request-error": {
      "version": "6.1.7",
      "resolved": "https://registry.npmjs.org/@octokit/request-error/-/request-error-6.1.7.tgz",
      "integrity": "sha512-69NIppAwaauwZv6aOzb+VVLwt+0havz9GT5YplkeJv7fG7a40qpLt/yZKyiDxAhgz0EtgNdNcb96Z0u+Zyuy2g==",
      "license": "MIT",
      "dependencies": {
        "@octokit/types": "^13.6.2"
      },
      "engines": {
        "node": ">= 18"
      }
    },
    "node_modules/@octokit/types": {
      "version": "13.8.0",
      "resolved": "https://registry.npmjs.org/@octokit/types/-/types-13.8.0.tgz",
      "integrity": "sha512-x7DjTIbEpEWXK99DMd01QfWy0hd5h4EN+Q7shkdKds3otGQP+oWE/y0A76i1OvH9fygo4ddvNf7ZvF0t78P98A==",
      "license": "MIT",
      "dependencies": {
        "@octokit/openapi-types": "^23.0.1"
      }
    },
    "node_modules/@octokit/webhooks": {
      "version": "13.7.4",
      "resolved": "https://registry.npmjs.org/@octokit/webhooks/-/webhooks-13.7.4.tgz",
      "integrity": "sha512-f386XyLTieQbgKPKS6ZMlH4dq8eLsxNddwofiKRZCq0bZ2gikoFwMD99K6l1oAwqe/KZNzrEziGicRgnzplplQ==",
      "license": "MIT",
      "dependencies": {
        "@octokit/openapi-webhooks-types": "10.1.1",
        "@octokit/request-error": "^6.1.7",
        "@octokit/webhooks-methods": "^5.1.1"
      },
      "engines": {
        "node": ">= 18"
      }
    },
    "node_modules/@octokit/webhooks-methods": {
      "version": "5.1.1",
      "resolved": "https://registry.npmjs.org/@octokit/webhooks-methods/-/webhooks-methods-5.1.1.tgz",
      "integrity": "sha512-NGlEHZDseJTCj8TMMFehzwa9g7On4KJMPVHDSrHxCQumL6uSQR8wIkP/qesv52fXqV1BPf4pTxwtS31ldAt9Xg==",
      "license": "MIT",
      "engines": {
        "node": ">= 18"
      }
    },
    "node_modules/@types/aws-lambda": {
      "version": "8.10.147",
      "resolved": "https://registry.npmjs.org/@types/aws-lambda/-/aws-lambda-8.10.147.tgz",
      "integrity": "sha512-nD0Z9fNIZcxYX5Mai2CTmFD7wX7UldCkW2ezCF8D1T5hdiLsnTWDGRpfRYntU6VjTdLQjOvyszru7I1c1oCQew==",
      "license": "MIT"
    },
    "node_modules/accepts": {
      "version": "1.3.8",
      "resolved": "https://registry.npmjs.org/accepts/-/accepts-1.3.8.tgz",
      "integrity": "sha512-PYAthTa2m2VKxuvSD3DPC/Gy+U+sOA1LAuT8mkmRuvw+NACSaeXEQ+NHcVF7rONl6qcaxV3Uuemwawk+7+SJLw==",
      "license": "MIT",
      "dependencies": {
        "mime-types": "~2.1.34",
        "negotiator": "0.6.3"
      },
      "engines": {
        "node": ">= 0.6"
      }
    },
    "node_modules/argparse": {
      "version": "1.0.10",
      "resolved": "https://registry.npmjs.org/argparse/-/argparse-1.0.10.tgz",
      "integrity": "sha512-o5Roy6tNG4SL/FOkCAN6RzjiakZS25RLYFrcMttJqbdd8BWrnA+fGz57iN5Pb06pvBGvl5gQ0B48dJlslXvoTg==",
      "license": "MIT",
      "dependencies": {
        "sprintf-js": "~1.0.2"
      }
    },
    "node_modules/array-flatten": {
      "version": "1.1.1",
      "resolved": "https://registry.npmjs.org/array-flatten/-/array-flatten-1.1.1.tgz",
      "integrity": "sha512-PCVAQswWemu6UdxsDFFX/+gVeYqKAod3D3UVm91jHwynguOwAvYPhx8nNlM++NqRcK6CxxpUafjmhIdKiHibqg==",
      "license": "MIT"
    },
    "node_modules/basic-auth": {
      "version": "2.0.1",
      "resolved": "https://registry.npmjs.org/basic-auth/-/basic-auth-2.0.1.tgz",
      "integrity": "sha512-NF+epuEdnUYVlGuhaxbbq+dvJttwLnGY+YixlXlME5KpQ5W3CnXA5cVTneY3SPbPDRkcjMbifrwmFYcClgOZeg==",
      "license": "MIT",
      "dependencies": {
        "safe-buffer": "5.1.2"
      },
      "engines": {
        "node": ">= 0.8"
      }
    },
    "node_modules/before-after-hook": {
      "version": "3.0.2",
      "resolved": "https://registry.npmjs.org/before-after-hook/-/before-after-hook-3.0.2.tgz",
      "integrity": "sha512-Nik3Sc0ncrMK4UUdXQmAnRtzmNQTAAXmXIopizwZ1W1t8QmfJj+zL4OA2I7XPTPW5z5TDqv4hRo/JzouDJnX3A==",
      "license": "Apache-2.0"
    },
    "node_modules/body-parser": {
      "version": "1.18.3",
      "resolved": "https://registry.npmjs.org/body-parser/-/body-parser-1.18.3.tgz",
      "integrity": "sha512-YQyoqQG3sO8iCmf8+hyVpgHHOv0/hCEFiS4zTGUwTA1HjAFX66wRcNQrVCeJq9pgESMRvUAOvSil5MJlmccuKQ==",
      "license": "MIT",
      "dependencies": {
        "bytes": "3.0.0",
        "content-type": "~1.0.4",
        "debug": "2.6.9",
        "depd": "~1.1.2",
        "http-errors": "~1.6.3",
        "iconv-lite": "0.4.23",
        "on-finished": "~2.3.0",
        "qs": "6.5.2",
        "raw-body": "2.3.3",
        "type-is": "~1.6.16"
      },
      "engines": {
        "node": ">= 0.8"
      }
    },
    "node_modules/bottleneck": {
      "version": "2.19.5",
      "resolved": "https://registry.npmjs.org/bottleneck/-/bottleneck-2.19.5.tgz",
      "integrity": "sha512-VHiNCbI1lKdl44tGrhNfU3lup0Tj/ZBMJB5/2ZbNXRCPuRCO7ed2mgcK4r17y+KB2EfuYuRaVlwNbAeaWGSpbw==",
      "license": "MIT"
    },
    "node_modules/bytes": {
      "version": "3.0.0",
      "resolved": "https://registry.npmjs.org/bytes/-/bytes-3.0.0.tgz",
      "integrity": "sha512-pMhOfFDPiv9t5jjIXkHosWmkSyQbvsgEVNkz0ERHbuLh2T/7j4Mqqpz523Fe8MVY89KC6Sh/QfS2sM+SjgFDcw==",
      "license": "MIT",
      "engines": {
        "node": ">= 0.8"
      }
    },
    "node_modules/content-disposition": {
      "version": "0.5.2",
      "resolved": "https://registry.npmjs.org/content-disposition/-/content-disposition-0.5.2.tgz",
      "integrity": "sha512-kRGRZw3bLlFISDBgwTSA1TMBFN6J6GWDeubmDE3AF+3+yXL8hTWv8r5rkLbqYXY4RjPk/EzHnClI3zQf1cFmHA==",
      "license": "MIT",
      "engines": {
        "node": ">= 0.6"
      }
    },
    "node_modules/content-type": {
      "version": "1.0.5",
      "resolved": "https://registry.npmjs.org/content-type/-/content-type-1.0.5.tgz",
      "integrity": "sha512-nTjqfcBFEipKdXCv4YDQWCfmcLZKm81ldF0pAopTvyrFGVbcR6P/VAAd5G7N+0tTr8QqiU0tFadD6FK4NtJwOA==",
      "license": "MIT",
      "engines": {
        "node": ">= 0.6"
      }
    },
    "node_modules/cookie": {
      "version": "0.7.2",
      "resolved": "https://registry.npmjs.org/cookie/-/cookie-0.7.2.tgz",
      "integrity": "sha512-yki5XnKuf750l50uGTllt6kKILY4nQ1eNIQatoXEByZ5dWgnKqbnqmTrBE5B4N7lrMJKQ2ytWMiTO2o0v6Ew/w==",
      "license": "MIT",
      "engines": {
        "node": ">= 0.6"
      }
    },
    "node_modules/cookie-parser": {
      "version": "1.4.7",
      "resolved": "https://registry.npmjs.org/cookie-parser/-/cookie-parser-1.4.7.tgz",
      "integrity": "sha512-nGUvgXnotP3BsjiLX2ypbQnWoGUPIIfHQNZkkC668ntrzGWEZVW70HDEB1qnNGMicPje6EttlIgzo51YSwNQGw==",
      "license": "MIT",
      "dependencies": {
        "cookie": "0.7.2",
        "cookie-signature": "1.0.6"
      },
      "engines": {
        "node": ">= 0.8.0"
      }
    },
    "node_modules/cookie-signature": {
      "version": "1.0.6",
      "resolved": "https://registry.npmjs.org/cookie-signature/-/cookie-signature-1.0.6.tgz",
      "integrity": "sha512-QADzlaHc8icV8I7vbaJXJwod9HWYp8uCqf1xa4OfNu1T7JVxQIrUgOWtHdNDtPiywmFbiS12VjotIXLrKM3orQ==",
      "license": "MIT"
    },
    "node_modules/debug": {
      "version": "2.6.9",
      "resolved": "https://registry.npmjs.org/debug/-/debug-2.6.9.tgz",
      "integrity": "sha512-bC7ElrdJaJnPbAP+1EotYvqZsb3ecl5wi6Bfi6BJTUcNowp6cvspg0jXznRTKDjm/E7AdgFBVeAPVMNcKGsHMA==",
      "license": "MIT",
      "dependencies": {
        "ms": "2.0.0"
      }
    },
    "node_modules/depd": {
      "version": "1.1.2",
      "resolved": "https://registry.npmjs.org/depd/-/depd-1.1.2.tgz",
      "integrity": "sha512-7emPTl6Dpo6JRXOXjLRxck+FlLRX5847cLKEn00PLAgc3g2hTZZgr+e4c2v6QpSmLeFP3n5yUo7ft6avBK/5jQ==",
      "license": "MIT",
      "engines": {
        "node": ">= 0.6"
      }
    },
    "node_modules/destroy": {
      "version": "1.0.4",
      "resolved": "https://registry.npmjs.org/destroy/-/destroy-1.0.4.tgz",
      "integrity": "sha512-3NdhDuEXnfun/z7x9GOElY49LoqVHoGScmOKwmxhsS8N5Y+Z8KyPPDnaSzqWgYt/ji4mqwfTS34Htrk0zPIXVg==",
      "license": "MIT"
    },
    "node_modules/dotenv": {
      "version": "16.4.7",
      "resolved": "https://registry.npmjs.org/dotenv/-/dotenv-16.4.7.tgz",
      "integrity": "sha512-47qPchRCykZC03FhkYAhrvwU4xDBFIj1QPqaarj6mdM/hgUzfPHcpkHJOn3mJAufFeeAxAzeGsr5X0M4k6fLZQ==",
      "license": "BSD-2-Clause",
      "engines": {
        "node": ">=12"
      },
      "funding": {
        "url": "https://dotenvx.com"
      }
    },
    "node_modules/ee-first": {
      "version": "1.1.1",
      "resolved": "https://registry.npmjs.org/ee-first/-/ee-first-1.1.1.tgz",
      "integrity": "sha512-WMwm9LhRUo+WUaRN+vRuETqG89IgZphVSNkdFgeb6sS/E4OrDIN7t48CAewSHXc6C8lefD8KKfr5vY61brQlow==",
      "license": "MIT"
    },
    "node_modules/ejs": {
      "version": "2.6.2",
      "resolved": "https://registry.npmjs.org/ejs/-/ejs-2.6.2.tgz",
      "integrity": "sha512-PcW2a0tyTuPHz3tWyYqtK6r1fZ3gp+3Sop8Ph+ZYN81Ob5rwmbHEzaqs10N3BEsaGTkh/ooniXK+WwszGlc2+Q==",
      "license": "Apache-2.0",
      "engines": {
        "node": ">=0.10.0"
      }
    },
    "node_modules/encodeurl": {
      "version": "1.0.2",
      "resolved": "https://registry.npmjs.org/encodeurl/-/encodeurl-1.0.2.tgz",
      "integrity": "sha512-TPJXq8JqFaVYm2CWmPvnP2Iyo4ZSM7/QKcSmuMLDObfpH5fi7RUGmd/rTDf+rut/saiDiQEeVTNgAmJEdAOx0w==",
      "license": "MIT",
      "engines": {
        "node": ">= 0.8"
      }
    },
    "node_modules/escape-html": {
      "version": "1.0.3",
      "resolved": "https://registry.npmjs.org/escape-html/-/escape-html-1.0.3.tgz",
      "integrity": "sha512-NiSupZ4OeuGwr68lGIeym/ksIZMJodUGOSCZ/FSnTxcrekbvqrgdUxlJOMpijaKZVjAJrWrGs/6Jy8OMuyj9ow==",
      "license": "MIT"
    },
    "node_modules/esprima": {
      "version": "4.0.1",
      "resolved": "https://registry.npmjs.org/esprima/-/esprima-4.0.1.tgz",
      "integrity": "sha512-eGuFFw7Upda+g4p+QHvnW0RyTX/SVeJBDM/gCtMARO0cLuT2HcEKnTPvhjV6aGeqrCB/sbNop0Kszm0jsaWU4A==",
      "license": "BSD-2-Clause",
      "bin": {
        "esparse": "bin/esparse.js",
        "esvalidate": "bin/esvalidate.js"
      },
      "engines": {
        "node": ">=4"
      }
    },
    "node_modules/etag": {
      "version": "1.8.1",
      "resolved": "https://registry.npmjs.org/etag/-/etag-1.8.1.tgz",
      "integrity": "sha512-aIL5Fx7mawVa300al2BnEE4iNvo1qETxLrPI/o05L7z6go7fCw1J6EQmbK4FmJ2AS7kgVF/KEZWufBfdClMcPg==",
      "license": "MIT",
      "engines": {
        "node": ">= 0.6"
      }
    },
    "node_modules/express": {
      "version": "4.16.4",
      "resolved": "https://registry.npmjs.org/express/-/express-4.16.4.tgz",
      "integrity": "sha512-j12Uuyb4FMrd/qQAm6uCHAkPtO8FDTRJZBDd5D2KOL2eLaz1yUNdUB/NOIyq0iU4q4cFarsUCrnFDPBcnksuOg==",
      "license": "MIT",
      "dependencies": {
        "accepts": "~1.3.5",
        "array-flatten": "1.1.1",
        "body-parser": "1.18.3",
        "content-disposition": "0.5.2",
        "content-type": "~1.0.4",
        "cookie": "0.3.1",
        "cookie-signature": "1.0.6",
        "debug": "2.6.9",
        "depd": "~1.1.2",
        "encodeurl": "~1.0.2",
        "escape-html": "~1.0.3",
        "etag": "~1.8.1",
        "finalhandler": "1.1.1",
        "fresh": "0.5.2",
        "merge-descriptors": "1.0.1",
        "methods": "~1.1.2",
        "on-finished": "~2.3.0",
        "parseurl": "~1.3.2",
        "path-to-regexp": "0.1.7",
        "proxy-addr": "~2.0.4",
        "qs": "6.5.2",
        "range-parser": "~1.2.0",
        "safe-buffer": "5.1.2",
        "send": "0.16.2",
        "serve-static": "1.13.2",
        "setprototypeof": "1.1.0",
        "statuses": "~1.4.0",
        "type-is": "~1.6.16",
        "utils-merge": "1.0.1",
        "vary": "~1.1.2"
      },
      "engines": {
        "node": ">= 0.10.0"
      }
    },
    "node_modules/express/node_modules/cookie": {
      "version": "0.3.1",
      "resolved": "https://registry.npmjs.org/cookie/-/cookie-0.3.1.tgz",
      "integrity": "sha512-+IJOX0OqlHCszo2mBUq+SrEbCj6w7Kpffqx60zYbPTFaO4+yYgRjHwcZNpWvaTylDHaV7PPmBHzSecZiMhtPgw==",
      "license": "MIT",
      "engines": {
        "node": ">= 0.6"
      }
    },
    "node_modules/fast-content-type-parse": {
      "version": "2.0.1",
      "resolved": "https://registry.npmjs.org/fast-content-type-parse/-/fast-content-type-parse-2.0.1.tgz",
      "integrity": "sha512-nGqtvLrj5w0naR6tDPfB4cUmYCqouzyQiz6C5y/LtcDllJdrcc6WaWW6iXyIIOErTa/XRybj28aasdn4LkVk6Q==",
      "funding": [
        {
          "type": "github",
          "url": "https://github.com/sponsors/fastify"
        },
        {
          "type": "opencollective",
          "url": "https://opencollective.com/fastify"
        }
      ],
      "license": "MIT"
    },
    "node_modules/finalhandler": {
      "version": "1.1.1",
      "resolved": "https://registry.npmjs.org/finalhandler/-/finalhandler-1.1.1.tgz",
      "integrity": "sha512-Y1GUDo39ez4aHAw7MysnUD5JzYX+WaIj8I57kO3aEPT1fFRL4sr7mjei97FgnwhAyyzRYmQZaTHb2+9uZ1dPtg==",
      "license": "MIT",
      "dependencies": {
        "debug": "2.6.9",
        "encodeurl": "~1.0.2",
        "escape-html": "~1.0.3",
        "on-finished": "~2.3.0",
        "parseurl": "~1.3.2",
        "statuses": "~1.4.0",
        "unpipe": "~1.0.0"
      },
      "engines": {
        "node": ">= 0.8"
      }
    },
    "node_modules/forwarded": {
      "version": "0.2.0",
      "resolved": "https://registry.npmjs.org/forwarded/-/forwarded-0.2.0.tgz",
      "integrity": "sha512-buRG0fpBtRHSTCOASe6hD258tEubFoRLb4ZNA6NxMVHNw2gOcwHo9wyablzMzOA5z9xA9L1KNjk/Nt6MT9aYow==",
      "license": "MIT",
      "engines": {
        "node": ">= 0.6"
      }
    },
    "node_modules/fresh": {
      "version": "0.5.2",
      "resolved": "https://registry.npmjs.org/fresh/-/fresh-0.5.2.tgz",
      "integrity": "sha512-zJ2mQYM18rEFOudeV4GShTGIQ7RbzA7ozbU9I/XBpm7kqgMywgmylMwXHxZJmkVoYkna9d2pVXVXPdYTP9ej8Q==",
      "license": "MIT",
      "engines": {
        "node": ">= 0.6"
      }
    },
    "node_modules/front-matter": {
      "version": "4.0.2",
      "resolved": "https://registry.npmjs.org/front-matter/-/front-matter-4.0.2.tgz",
      "integrity": "sha512-I8ZuJ/qG92NWX8i5x1Y8qyj3vizhXS31OxjKDu3LKP+7/qBgfIKValiZIEwoVoJKUHlhWtYrktkxV1XsX+pPlg==",
      "license": "MIT",
      "dependencies": {
        "js-yaml": "^3.13.1"
      }
    },
    "node_modules/http-errors": {
      "version": "1.6.3",
      "resolved": "https://registry.npmjs.org/http-errors/-/http-errors-1.6.3.tgz",
      "integrity": "sha512-lks+lVC8dgGyh97jxvxeYTWQFvh4uw4yC12gVl63Cg30sjPX4wuGcdkICVXDAESr6OJGjqGA8Iz5mkeN6zlD7A==",
      "license": "MIT",
      "dependencies": {
        "depd": "~1.1.2",
        "inherits": "2.0.3",
        "setprototypeof": "1.1.0",
        "statuses": ">= 1.4.0 < 2"
      },
      "engines": {
        "node": ">= 0.6"
      }
    },
    "node_modules/iconv-lite": {
      "version": "0.4.23",
      "resolved": "https://registry.npmjs.org/iconv-lite/-/iconv-lite-0.4.23.tgz",
      "integrity": "sha512-neyTUVFtahjf0mB3dZT77u+8O0QB89jFdnBkd5P1JgYPbPaia3gXXOVL2fq8VyU2gMMD7SaN7QukTB/pmXYvDA==",
      "license": "MIT",
      "dependencies": {
        "safer-buffer": ">= 2.1.2 < 3"
      },
      "engines": {
        "node": ">=0.10.0"
      }
    },
    "node_modules/inherits": {
      "version": "2.0.3",
      "resolved": "https://registry.npmjs.org/inherits/-/inherits-2.0.3.tgz",
      "integrity": "sha512-x00IRNXNy63jwGkJmzPigoySHbaqpNuzKbBOmzK+g2OdZpQ9w+sxCN+VSB3ja7IAge2OP2qpfxTjeNcyjmW1uw==",
      "license": "ISC"
    },
    "node_modules/ipaddr.js": {
      "version": "1.9.1",
      "resolved": "https://registry.npmjs.org/ipaddr.js/-/ipaddr.js-1.9.1.tgz",
      "integrity": "sha512-0KI/607xoxSToH7GjN1FfSbLoU0+btTicjsQSWQlh/hZykN8KpmMf7uYwPW3R+akZ6R/w18ZlXSHBYXiYUPO3g==",
      "license": "MIT",
      "engines": {
        "node": ">= 0.10"
      }
    },
    "node_modules/js-yaml": {
      "version": "3.14.1",
      "resolved": "https://registry.npmjs.org/js-yaml/-/js-yaml-3.14.1.tgz",
      "integrity": "sha512-okMH7OXXJ7YrN9Ok3/SXrnu4iX9yOk+25nqX4imS2npuvTYDmo/QEZoqwZkYaIDk3jVvBOTOIEgEhaLOynBS9g==",
      "license": "MIT",
      "dependencies": {
        "argparse": "^1.0.7",
        "esprima": "^4.0.0"
      },
      "bin": {
        "js-yaml": "bin/js-yaml.js"
      }
    },
    "node_modules/media-typer": {
      "version": "0.3.0",
      "resolved": "https://registry.npmjs.org/media-typer/-/media-typer-0.3.0.tgz",
      "integrity": "sha512-dq+qelQ9akHpcOl/gUVRTxVIOkAJ1wR3QAvb4RsVjS8oVoFjDGTc679wJYmUmknUF5HwMLOgb5O+a3KxfWapPQ==",
      "license": "MIT",
      "engines": {
        "node": ">= 0.6"
      }
    },
    "node_modules/merge-descriptors": {
      "version": "1.0.1",
      "resolved": "https://registry.npmjs.org/merge-descriptors/-/merge-descriptors-1.0.1.tgz",
      "integrity": "sha512-cCi6g3/Zr1iqQi6ySbseM1Xvooa98N0w31jzUYrXPX2xqObmFGHJ0tQ5u74H3mVh7wLouTseZyYIq39g8cNp1w==",
      "license": "MIT"
    },
    "node_modules/methods": {
      "version": "1.1.2",
      "resolved": "https://registry.npmjs.org/methods/-/methods-1.1.2.tgz",
      "integrity": "sha512-iclAHeNqNm68zFtnZ0e+1L2yUIdvzNoauKU4WBA3VvH/vPFieF7qfRlwUZU+DA9P9bPXIS90ulxoUoCH23sV2w==",
      "license": "MIT",
      "engines": {
        "node": ">= 0.6"
      }
    },
    "node_modules/mime": {
      "version": "1.4.1",
      "resolved": "https://registry.npmjs.org/mime/-/mime-1.4.1.tgz",
      "integrity": "sha512-KI1+qOZu5DcW6wayYHSzR/tXKCDC5Om4s1z2QJjDULzLcmf3DvzS7oluY4HCTrc+9FiKmWUgeNLg7W3uIQvxtQ==",
      "license": "MIT",
      "bin": {
        "mime": "cli.js"
      }
    },
    "node_modules/mime-db": {
      "version": "1.52.0",
      "resolved": "https://registry.npmjs.org/mime-db/-/mime-db-1.52.0.tgz",
      "integrity": "sha512-sPU4uV7dYlvtWJxwwxHD0PuihVNiE7TyAbQ5SWxDCB9mUYvOgroQOwYQQOKPJ8CIbE+1ETVlOoK1UC2nU3gYvg==",
      "license": "MIT",
      "engines": {
        "node": ">= 0.6"
      }
    },
    "node_modules/mime-types": {
      "version": "2.1.35",
      "resolved": "https://registry.npmjs.org/mime-types/-/mime-types-2.1.35.tgz",
      "integrity": "sha512-ZDY+bPm5zTTF+YpCrAU9nK0UgICYPT0QtT1NZWFv4s++TNkcgVaT0g6+4R2uI4MjQjzysHB1zxuWL50hzaeXiw==",
      "license": "MIT",
      "dependencies": {
        "mime-db": "1.52.0"
      },
      "engines": {
        "node": ">= 0.6"
      }
    },
    "node_modules/morgan": {
      "version": "1.9.1",
      "resolved": "https://registry.npmjs.org/morgan/-/morgan-1.9.1.tgz",
      "integrity": "sha512-HQStPIV4y3afTiCYVxirakhlCfGkI161c76kKFca7Fk1JusM//Qeo1ej2XaMniiNeaZklMVrh3vTtIzpzwbpmA==",
      "license": "MIT",
      "dependencies": {
        "basic-auth": "~2.0.0",
        "debug": "2.6.9",
        "depd": "~1.1.2",
        "on-finished": "~2.3.0",
        "on-headers": "~1.0.1"
      },
      "engines": {
        "node": ">= 0.8.0"
      }
    },
    "node_modules/ms": {
      "version": "2.0.0",
      "resolved": "https://registry.npmjs.org/ms/-/ms-2.0.0.tgz",
      "integrity": "sha512-Tpp60P6IUJDTuOq/5Z8cdskzJujfwqfOTkrwIwj7IRISpnkJnT6SyJ4PCPnGMoFjC9ddhal5KVIYtAt97ix05A==",
      "license": "MIT"
    },
    "node_modules/negotiator": {
      "version": "0.6.3",
      "resolved": "https://registry.npmjs.org/negotiator/-/negotiator-0.6.3.tgz",
      "integrity": "sha512-+EUsqGPLsM+j/zdChZjsnX51g4XrHFOIXwfnCVPGlQk/k5giakcKsuxCObBRu6DSm9opw/O6slWbJdghQM4bBg==",
      "license": "MIT",
      "engines": {
        "node": ">= 0.6"
      }
    },
    "node_modules/octokit": {
      "version": "4.1.2",
      "resolved": "https://registry.npmjs.org/octokit/-/octokit-4.1.2.tgz",
      "integrity": "sha512-0kcTxJOK3yQrJsRb8wKa28hlTze4QOz4sLuUnfXXnhboDhFKgv8LxS86tFwbsafDW9JZ08ByuVAE8kQbYJIZkA==",
      "license": "MIT",
      "dependencies": {
        "@octokit/app": "^15.1.4",
        "@octokit/core": "^6.1.4",
        "@octokit/oauth-app": "^7.1.6",
        "@octokit/plugin-paginate-graphql": "^5.2.4",
        "@octokit/plugin-paginate-rest": "^11.4.2",
        "@octokit/plugin-rest-endpoint-methods": "^13.3.1",
        "@octokit/plugin-retry": "^7.1.4",
        "@octokit/plugin-throttling": "^9.4.0",
        "@octokit/request-error": "^6.1.7",
        "@octokit/types": "^13.7.0"
      },
      "engines": {
        "node": ">= 18"
      }
    },
    "node_modules/on-finished": {
      "version": "2.3.0",
      "resolved": "https://registry.npmjs.org/on-finished/-/on-finished-2.3.0.tgz",
      "integrity": "sha512-ikqdkGAAyf/X/gPhXGvfgAytDZtDbr+bkNUJ0N9h5MI/dmdgCs3l6hoHrcUv41sRKew3jIwrp4qQDXiK99Utww==",
      "license": "MIT",
      "dependencies": {
        "ee-first": "1.1.1"
      },
      "engines": {
        "node": ">= 0.8"
      }
    },
    "node_modules/on-headers": {
      "version": "1.0.2",
      "resolved": "https://registry.npmjs.org/on-headers/-/on-headers-1.0.2.tgz",
      "integrity": "sha512-pZAE+FJLoyITytdqK0U5s+FIpjN0JP3OzFi/u8Rx+EV5/W+JTWGXG8xFzevE7AjBfDqHv/8vL8qQsIhHnqRkrA==",
      "license": "MIT",
      "engines": {
        "node": ">= 0.8"
      }
    },
    "node_modules/parseurl": {
      "version": "1.3.3",
      "resolved": "https://registry.npmjs.org/parseurl/-/parseurl-1.3.3.tgz",
      "integrity": "sha512-CiyeOxFT/JZyN5m0z9PfXw4SCBJ6Sygz1Dpl0wqjlhDEGGBP1GnsUVEL0p63hoG1fcj3fHynXi9NYO4nWOL+qQ==",
      "license": "MIT",
      "engines": {
        "node": ">= 0.8"
      }
    },
    "node_modules/path-to-regexp": {
      "version": "0.1.7",
      "resolved": "https://registry.npmjs.org/path-to-regexp/-/path-to-regexp-0.1.7.tgz",
      "integrity": "sha512-5DFkuoqlv1uYQKxy8omFBeJPQcdoE07Kv2sferDCrAq1ohOU+MSDswDIbnx3YAM60qIOnYa53wBhXW0EbMonrQ==",
      "license": "MIT"
    },
    "node_modules/proxy-addr": {
      "version": "2.0.7",
      "resolved": "https://registry.npmjs.org/proxy-addr/-/proxy-addr-2.0.7.tgz",
      "integrity": "sha512-llQsMLSUDUPT44jdrU/O37qlnifitDP+ZwrmmZcoSKyLKvtZxpyV0n2/bD/N4tBAAZ/gJEdZU7KMraoK1+XYAg==",
      "license": "MIT",
      "dependencies": {
        "forwarded": "0.2.0",
        "ipaddr.js": "1.9.1"
      },
      "engines": {
        "node": ">= 0.10"
      }
    },
    "node_modules/qs": {
      "version": "6.5.2",
      "resolved": "https://registry.npmjs.org/qs/-/qs-6.5.2.tgz",
      "integrity": "sha512-N5ZAX4/LxJmF+7wN74pUD6qAh9/wnvdQcjq9TZjevvXzSUo7bfmw91saqMjzGS2xq91/odN2dW/WOl7qQHNDGA==",
      "license": "BSD-3-Clause",
      "engines": {
        "node": ">=0.6"
      }
    },
    "node_modules/range-parser": {
      "version": "1.2.1",
      "resolved": "https://registry.npmjs.org/range-parser/-/range-parser-1.2.1.tgz",
      "integrity": "sha512-Hrgsx+orqoygnmhFbKaHE6c296J+HTAQXoxEF6gNupROmmGJRoyzfG3ccAveqCBrwr/2yxQ5BVd/GTl5agOwSg==",
      "license": "MIT",
      "engines": {
        "node": ">= 0.6"
      }
    },
    "node_modules/raw-body": {
      "version": "2.3.3",
      "resolved": "https://registry.npmjs.org/raw-body/-/raw-body-2.3.3.tgz",
      "integrity": "sha512-9esiElv1BrZoI3rCDuOuKCBRbuApGGaDPQfjSflGxdy4oyzqghxu6klEkkVIvBje+FF0BX9coEv8KqW6X/7njw==",
      "license": "MIT",
      "dependencies": {
        "bytes": "3.0.0",
        "http-errors": "1.6.3",
        "iconv-lite": "0.4.23",
        "unpipe": "1.0.0"
      },
      "engines": {
        "node": ">= 0.8"
      }
    },
    "node_modules/safe-buffer": {
      "version": "5.1.2",
      "resolved": "https://registry.npmjs.org/safe-buffer/-/safe-buffer-5.1.2.tgz",
      "integrity": "sha512-Gd2UZBJDkXlY7GbJxfsE8/nvKkUEU1G38c1siN6QP6a9PT9MmHB8GnpscSmMJSoF8LOIrt8ud/wPtojys4G6+g==",
      "license": "MIT"
    },
    "node_modules/safer-buffer": {
      "version": "2.1.2",
      "resolved": "https://registry.npmjs.org/safer-buffer/-/safer-buffer-2.1.2.tgz",
      "integrity": "sha512-YZo3K82SD7Riyi0E1EQPojLz7kpepnSQI9IyPbHHg1XXXevb5dJI7tpyN2ADxGcQbHG7vcyRHk0cbwqcQriUtg==",
      "license": "MIT"
    },
    "node_modules/send": {
      "version": "0.16.2",
      "resolved": "https://registry.npmjs.org/send/-/send-0.16.2.tgz",
      "integrity": "sha512-E64YFPUssFHEFBvpbbjr44NCLtI1AohxQ8ZSiJjQLskAdKuriYEP6VyGEsRDH8ScozGpkaX1BGvhanqCwkcEZw==",
      "license": "MIT",
      "dependencies": {
        "debug": "2.6.9",
        "depd": "~1.1.2",
        "destroy": "~1.0.4",
        "encodeurl": "~1.0.2",
        "escape-html": "~1.0.3",
        "etag": "~1.8.1",
        "fresh": "0.5.2",
        "http-errors": "~1.6.2",
        "mime": "1.4.1",
        "ms": "2.0.0",
        "on-finished": "~2.3.0",
        "range-parser": "~1.2.0",
        "statuses": "~1.4.0"
      },
      "engines": {
        "node": ">= 0.8.0"
      }
    },
    "node_modules/serve-static": {
      "version": "1.13.2",
      "resolved": "https://registry.npmjs.org/serve-static/-/serve-static-1.13.2.tgz",
      "integrity": "sha512-p/tdJrO4U387R9oMjb1oj7qSMaMfmOyd4j9hOFoxZe2baQszgHcSWjuya/CiT5kgZZKRudHNOA0pYXOl8rQ5nw==",
      "license": "MIT",
      "dependencies": {
        "encodeurl": "~1.0.2",
        "escape-html": "~1.0.3",
        "parseurl": "~1.3.2",
        "send": "0.16.2"
      },
      "engines": {
        "node": ">= 0.8.0"
      }
    },
    "node_modules/setprototypeof": {
      "version": "1.1.0",
      "resolved": "https://registry.npmjs.org/setprototypeof/-/setprototypeof-1.1.0.tgz",
      "integrity": "sha512-BvE/TwpZX4FXExxOxZyRGQQv651MSwmWKZGqvmPcRIjDqWub67kTKuIMx43cZZrS/cBBzwBcNDWoFxt2XEFIpQ==",
      "license": "ISC"
    },
    "node_modules/sprintf-js": {
      "version": "1.0.3",
      "resolved": "https://registry.npmjs.org/sprintf-js/-/sprintf-js-1.0.3.tgz",
      "integrity": "sha512-D9cPgkvLlV3t3IzL0D0YLvGA9Ahk4PcvVwUbN0dSGr1aP0Nrt4AEnTUbuGvquEC0mA64Gqt1fzirlRs5ibXx8g==",
      "license": "BSD-3-Clause"
    },
    "node_modules/statuses": {
      "version": "1.4.0",
      "resolved": "https://registry.npmjs.org/statuses/-/statuses-1.4.0.tgz",
      "integrity": "sha512-zhSCtt8v2NDrRlPQpCNtw/heZLtfUDqxBM1udqikb/Hbk52LK4nQSwr10u77iopCW5LsyHpuXS0GnEc48mLeew==",
      "license": "MIT",
      "engines": {
        "node": ">= 0.6"
      }
    },
    "node_modules/toad-cache": {
      "version": "3.7.0",
      "resolved": "https://registry.npmjs.org/toad-cache/-/toad-cache-3.7.0.tgz",
      "integrity": "sha512-/m8M+2BJUpoJdgAHoG+baCwBT+tf2VraSfkBgl0Y00qIWt41DJ8R5B8nsEw0I58YwF5IZH6z24/2TobDKnqSWw==",
      "license": "MIT",
      "engines": {
        "node": ">=12"
      }
    },
    "node_modules/type-is": {
      "version": "1.6.18",
      "resolved": "https://registry.npmjs.org/type-is/-/type-is-1.6.18.tgz",
      "integrity": "sha512-TkRKr9sUTxEH8MdfuCSP7VizJyzRNMjj2J2do2Jr3Kym598JVdEksuzPQCnlFPW4ky9Q+iA+ma9BGm06XQBy8g==",
      "license": "MIT",
      "dependencies": {
        "media-typer": "0.3.0",
        "mime-types": "~2.1.24"
      },
      "engines": {
        "node": ">= 0.6"
      }
    },
    "node_modules/universal-github-app-jwt": {
      "version": "2.2.0",
      "resolved": "https://registry.npmjs.org/universal-github-app-jwt/-/universal-github-app-jwt-2.2.0.tgz",
      "integrity": "sha512-G5o6f95b5BggDGuUfKDApKaCgNYy2x7OdHY0zSMF081O0EJobw+1130VONhrA7ezGSV2FNOGyM+KQpQZAr9bIQ==",
      "license": "MIT"
    },
    "node_modules/universal-user-agent": {
      "version": "7.0.2",
      "resolved": "https://registry.npmjs.org/universal-user-agent/-/universal-user-agent-7.0.2.tgz",
      "integrity": "sha512-0JCqzSKnStlRRQfCdowvqy3cy0Dvtlb8xecj/H8JFZuCze4rwjPZQOgvFvn0Ws/usCHQFGpyr+pB9adaGwXn4Q==",
      "license": "ISC"
    },
    "node_modules/unpipe": {
      "version": "1.0.0",
      "resolved": "https://registry.npmjs.org/unpipe/-/unpipe-1.0.0.tgz",
      "integrity": "sha512-pjy2bYhSsufwWlKwPc+l3cN7+wuJlK6uz0YdJEOlQDbl6jo/YlPi4mb8agUkVC8BF7V8NuzeyPNqRksA3hztKQ==",
      "license": "MIT",
      "engines": {
        "node": ">= 0.8"
      }
    },
    "node_modules/utils-merge": {
      "version": "1.0.1",
      "resolved": "https://registry.npmjs.org/utils-merge/-/utils-merge-1.0.1.tgz",
      "integrity": "sha512-pMZTvIkT1d+TFGvDOqodOclx0QWkkgi6Tdoa8gC8ffGAAqz9pzPTZWAybbsHHoED/ztMtkv/VoYTYyShUn81hA==",
      "license": "MIT",
      "engines": {
        "node": ">= 0.4.0"
      }
    },
    "node_modules/vary": {
      "version": "1.1.2",
      "resolved": "https://registry.npmjs.org/vary/-/vary-1.1.2.tgz",
      "integrity": "sha512-BNGbWLfd0eUPabhkXUVm0j8uuvREyTh5ovRa/dyow/BqAbZJyC+5fU+IzQOzmAKzYqYRAISoRhdQr3eIZ/PXqg==",
      "license": "MIT",
      "engines": {
        "node": ">= 0.8"
      }
    },
    "node_modules/yaml": {
      "version": "2.7.0",
      "resolved": "https://registry.npmjs.org/yaml/-/yaml-2.7.0.tgz",
      "integrity": "sha512-+hSoy/QHluxmC9kCIJyL/uyFmLmc+e5CFR5Wa+bpIhIj85LVb9ZH2nVnqrHoSvKogwODv0ClqZkmiSSaIH5LTA==",
      "license": "ISC",
      "bin": {
        "yaml": "bin.mjs"
      },
      "engines": {
        "node": ">= 14"
      }
    }
  }
}
